
Microsoft Visual Studio Solution File, Format Version 12.00
# Visual Studio Version 16
VisualStudioVersion = 16.0.28803.352
MinimumVisualStudioVersion = 10.0.40219.1
Project("{FAE04EC0-301F-11D3-BF4B-00C04F79EFBC}") = "WebApplicationDemo", "WebApplicationDemo\WebApplicationDemo.csproj", "{02355B52-41F5-42F9-AF59-58834E7A8004}"
EndProject
Global
	GlobalSection(SolutionConfigurationPlatforms) = preSolution
		Debug|Any CPU = Debug|Any CPU
		Release|Any CPU = Release|Any CPU
	EndGlobalSection
	GlobalSection(ProjectConfigurationPlatforms) = postSolution
		{02355B52-41F5-42F9-AF59-58834E7A8004}.Debug|Any CPU.ActiveCfg = Debug|Any CPU
		{02355B52-41F5-42F9-AF59-58834E7A8004}.Debug|Any CPU.Build.0 = Debug|Any CPU
		{02355B52-41F5-42F9-AF59-58834E7A8004}.Release|Any CPU.ActiveCfg = Release|Any CPU
		{02355B52-41F5-42F9-AF59-58834E7A8004}.Release|Any CPU.Build.0 = Release|Any CPU
	EndGlobalSection
	GlobalSection(SolutionProperties) = preSolution
		HideSolutionNode = FALSE
	EndGlobalSection
	GlobalSection(ExtensibilityGlobals) = postSolution
		SolutionGuid = {42B103D0-4D67-4D0B-8BE9-F8F0736D409C}
	EndGlobalSection
EndGlobal
